
Microsoft Visual Studio Solution File, Format Version 12.00
# Visual Studio Version 17
VisualStudioVersion = 17.1.32421.90
MinimumVisualStudioVersion = 10.0.40219.1
Project("{FAE04EC0-301F-11D3-BF4B-00C04F79EFBC}") = "ZenturyBack", "ZenturyBack\ZenturyBack.csproj", "{C1EBFBCF-1BDF-4B9B-B2A9-777477A960AF}"
EndProject
Global
	GlobalSection(SolutionConfigurationPlatforms) = preSolution
		Debug|Any CPU = Debug|Any CPU
		Release|Any CPU = Release|Any CPU
	EndGlobalSection
	GlobalSection(ProjectConfigurationPlatforms) = postSolution
		{C1EBFBCF-1BDF-4B9B-B2A9-777477A960AF}.Debug|Any CPU.ActiveCfg = Debug|Any CPU
		{C1EBFBCF-1BDF-4B9B-B2A9-777477A960AF}.Debug|Any CPU.Build.0 = Debug|Any CPU
		{C1EBFBCF-1BDF-4B9B-B2A9-777477A960AF}.Release|Any CPU.ActiveCfg = Release|Any CPU
		{C1EBFBCF-1BDF-4B9B-B2A9-777477A960AF}.Release|Any CPU.Build.0 = Release|Any CPU
	EndGlobalSection
	GlobalSection(SolutionProperties) = preSolution
		HideSolutionNode = FALSE
	EndGlobalSection
	GlobalSection(ExtensibilityGlobals) = postSolution
		SolutionGuid = {5E9C3D87-21A9-4DB7-9B10-08A7C468AADB}
	EndGlobalSection
EndGlobal
